
Microsoft Visual Studio Solution File, Format Version 12.00
# Visual Studio Version 17
VisualStudioVersion = 17.10.35004.147
MinimumVisualStudioVersion = 10.0.40219.1
Project("{2150E333-8FDC-42A3-9474-1A3956D46DE8}") = "launcher", "launcher", "{439092E7-F9D4-4009-8C0E-C09D71D0831E}"
EndProject
Project("{2150E333-8FDC-42A3-9474-1A3956D46DE8}") = "Server", "Server", "{A559574D-F508-4535-816E-FA7850D8E93D}"
EndProject
Project("{2150E333-8FDC-42A3-9474-1A3956D46DE8}") = "src", "src", "{B2F84B00-B5BD-4FC0-AB3D-A5B5F4D743F7}"
EndProject
Project("{2150E333-8FDC-42A3-9474-1A3956D46DE8}") = "Core", "Core", "{5E9262EB-301B-4291-9CBF-608D5B908F42}"
EndProject
Project("{FAE04EC0-301F-11D3-BF4B-00C04F79EFBC}") = "Domain", "Domain\Domain.csproj", "{4C980F38-3579-4B07-9313-96BF64D98B11}"
EndProject
Project("{FAE04EC0-301F-11D3-BF4B-00C04F79EFBC}") = "Application", "Application\Application.csproj", "{103261CB-CF6C-43D8-97E7-7950C04B10CB}"
EndProject
Project("{2150E333-8FDC-42A3-9474-1A3956D46DE8}") = "Infrastructure", "Infrastructure", "{26551519-EED8-4713-80A5-7CA948B187F2}"
EndProject
Project("{FAE04EC0-301F-11D3-BF4B-00C04F79EFBC}") = "Infrastructure", "Infrastructure\Infrastructure.csproj", "{C3CD86BB-AC92-4D78-A0C6-920046F20D8C}"
EndProject
Project("{FAE04EC0-301F-11D3-BF4B-00C04F79EFBC}") = "Persistence", "Persistence\Persistence.csproj", "{5FFE2EDC-D052-4F82-B278-43B818AF9FBC}"
EndProject
Project("{2150E333-8FDC-42A3-9474-1A3956D46DE8}") = "API", "API", "{44CB1BB4-A446-4CD2-94A2-95F984DC7290}"
EndProject
Project("{FAE04EC0-301F-11D3-BF4B-00C04F79EFBC}") = "FarmCraft", "FarmCraft\FarmCraft.csproj", "{5841FC00-6DBA-43DA-9B5D-4EEA9E4E0381}"
EndProject
Project("{FAE04EC0-301F-11D3-BF4B-00C04F79EFBC}") = "Server", "Server\Server.csproj", "{786532D4-9D64-4A17-8D55-D8F957EA026A}"
EndProject
Global
	GlobalSection(SolutionConfigurationPlatforms) = preSolution
		Debug|Any CPU = Debug|Any CPU
		Release|Any CPU = Release|Any CPU
	EndGlobalSection
	GlobalSection(ProjectConfigurationPlatforms) = postSolution
		{4C980F38-3579-4B07-9313-96BF64D98B11}.Debug|Any CPU.ActiveCfg = Debug|Any CPU
		{4C980F38-3579-4B07-9313-96BF64D98B11}.Debug|Any CPU.Build.0 = Debug|Any CPU
		{4C980F38-3579-4B07-9313-96BF64D98B11}.Release|Any CPU.ActiveCfg = Release|Any CPU
		{4C980F38-3579-4B07-9313-96BF64D98B11}.Release|Any CPU.Build.0 = Release|Any CPU
		{103261CB-CF6C-43D8-97E7-7950C04B10CB}.Debug|Any CPU.ActiveCfg = Debug|Any CPU
		{103261CB-CF6C-43D8-97E7-7950C04B10CB}.Debug|Any CPU.Build.0 = Debug|Any CPU
		{103261CB-CF6C-43D8-97E7-7950C04B10CB}.Release|Any CPU.ActiveCfg = Release|Any CPU
		{103261CB-CF6C-43D8-97E7-7950C04B10CB}.Release|Any CPU.Build.0 = Release|Any CPU
		{C3CD86BB-AC92-4D78-A0C6-920046F20D8C}.Debug|Any CPU.ActiveCfg = Debug|Any CPU
		{C3CD86BB-AC92-4D78-A0C6-920046F20D8C}.Debug|Any CPU.Build.0 = Debug|Any CPU
		{C3CD86BB-AC92-4D78-A0C6-920046F20D8C}.Release|Any CPU.ActiveCfg = Release|Any CPU
		{C3CD86BB-AC92-4D78-A0C6-920046F20D8C}.Release|Any CPU.Build.0 = Release|Any CPU
		{5FFE2EDC-D052-4F82-B278-43B818AF9FBC}.Debug|Any CPU.ActiveCfg = Debug|Any CPU
		{5FFE2EDC-D052-4F82-B278-43B818AF9FBC}.Debug|Any CPU.Build.0 = Debug|Any CPU
		{5FFE2EDC-D052-4F82-B278-43B818AF9FBC}.Release|Any CPU.ActiveCfg = Release|Any CPU
		{5FFE2EDC-D052-4F82-B278-43B818AF9FBC}.Release|Any CPU.Build.0 = Release|Any CPU
		{5841FC00-6DBA-43DA-9B5D-4EEA9E4E0381}.Debug|Any CPU.ActiveCfg = Debug|Any CPU
		{5841FC00-6DBA-43DA-9B5D-4EEA9E4E0381}.Debug|Any CPU.Build.0 = Debug|Any CPU
		{5841FC00-6DBA-43DA-9B5D-4EEA9E4E0381}.Release|Any CPU.ActiveCfg = Release|Any CPU
		{5841FC00-6DBA-43DA-9B5D-4EEA9E4E0381}.Release|Any CPU.Build.0 = Release|Any CPU
		{786532D4-9D64-4A17-8D55-D8F957EA026A}.Debug|Any CPU.ActiveCfg = Debug|Any CPU
		{786532D4-9D64-4A17-8D55-D8F957EA026A}.Debug|Any CPU.Build.0 = Debug|Any CPU
		{786532D4-9D64-4A17-8D55-D8F957EA026A}.Release|Any CPU.ActiveCfg = Release|Any CPU
		{786532D4-9D64-4A17-8D55-D8F957EA026A}.Release|Any CPU.Build.0 = Release|Any CPU
	EndGlobalSection
	GlobalSection(SolutionProperties) = preSolution
		HideSolutionNode = FALSE
	EndGlobalSection
	GlobalSection(NestedProjects) = preSolution
		{B2F84B00-B5BD-4FC0-AB3D-A5B5F4D743F7} = {A559574D-F508-4535-816E-FA7850D8E93D}
		{5E9262EB-301B-4291-9CBF-608D5B908F42} = {B2F84B00-B5BD-4FC0-AB3D-A5B5F4D743F7}
		{4C980F38-3579-4B07-9313-96BF64D98B11} = {5E9262EB-301B-4291-9CBF-608D5B908F42}
		{103261CB-CF6C-43D8-97E7-7950C04B10CB} = {5E9262EB-301B-4291-9CBF-608D5B908F42}
		{26551519-EED8-4713-80A5-7CA948B187F2} = {B2F84B00-B5BD-4FC0-AB3D-A5B5F4D743F7}
		{C3CD86BB-AC92-4D78-A0C6-920046F20D8C} = {26551519-EED8-4713-80A5-7CA948B187F2}
		{5FFE2EDC-D052-4F82-B278-43B818AF9FBC} = {26551519-EED8-4713-80A5-7CA948B187F2}
		{44CB1BB4-A446-4CD2-94A2-95F984DC7290} = {B2F84B00-B5BD-4FC0-AB3D-A5B5F4D743F7}
		{5841FC00-6DBA-43DA-9B5D-4EEA9E4E0381} = {439092E7-F9D4-4009-8C0E-C09D71D0831E}
		{786532D4-9D64-4A17-8D55-D8F957EA026A} = {44CB1BB4-A446-4CD2-94A2-95F984DC7290}
	EndGlobalSection
	GlobalSection(ExtensibilityGlobals) = postSolution
		SolutionGuid = {CB81F201-535B-4EBD-874C-8F89799046F5}
	EndGlobalSection
EndGlobal
